<?xml version="1.0" encoding="utf-8"?>
<Project ToolsVersion="4.0" xmlns="http://schemas.microsoft.com/developer/msbuild/2003">
  <ItemGroup>
    <Filter Include="Source Files">
      <UniqueIdentifier>{4FC737F1-C7A5-4376-A066-2A32D752A2FF}</UniqueIdentifier>
      <Extensions>cpp;c;cxx;def;odl;idl;hpj;bat;asm;asmx</Extensions>
    </Filter>
    <Filter Include="Source Files\sha3">
      <UniqueIdentifier>{a46a5c20-62dc-4b2b-85d7-cb20c199acbc}</UniqueIdentifier>
    </Filter>
    <Filter Include="Source Files\blake2">
      <UniqueIdentifier>{676b0469-169d-4935-bfa7-34e6f98af185}</UniqueIdentifier>
    </Filter>
    <Filter Include="Header Files">
      <UniqueIdentifier>{93995380-89BD-4b04-88EB-625FBE52EBFB}</UniqueIdentifier>
      <Extensions>h;hpp;hxx;hm;inl;inc;xsd</Extensions>
    </Filter>
    <Filter Include="Resource Files">
      <UniqueIdentifier>{67DA6AB6-F800-4c08-8B7A-83BB121AAD01}</UniqueIdentifier>
      <Extensions>rc;ico;cur;bmp;dlg;rc2;rct;bin;rgs;gif;jpg;jpeg;jpe;resx</Extensions>
    </Filter>
    <Filter Include="Source Files\blake3">
      <UniqueIdentifier>{e79fa07b-1668-47b3-9a9d-c42fa5821892}</UniqueIdentifier>
    </Filter>
  </ItemGroup>
  <ItemGroup>
    <ClCompile Include="actfcts.cpp">
      <Filter>Source Files</Filter>
    </ClCompile>
    <ClCompile Include="COpenFileListener.cpp">
      <Filter>Source Files</Filter>
    </ClCompile>
    <ClCompile Include="crc32c.cpp">
      <Filter>Source Files</Filter>
    </ClCompile>
    <ClCompile Include="CSyncQueue.cpp">
      <Filter>Source Files</Filter>
    </ClCompile>
    <ClCompile Include="dlgproc.cpp">
      <Filter>Source Files</Filter>
    </ClCompile>
    <ClCompile Include="droptarget.cpp">
      <Filter>Source Files</Filter>
    </ClCompile>
    <ClCompile Include="ed2k_hash.cpp">
      <Filter>Source Files</Filter>
    </ClCompile>
    <ClCompile Include="ed2k_hash_cryptapi.cpp">
      <Filter>Source Files</Filter>
    </ClCompile>
    <ClCompile Include="globalvars.cpp">
      <Filter>Source Files</Filter>
    </ClCompile>
    <ClCompile Include="guirelated.cpp">
      <Filter>Source Files</Filter>
    </ClCompile>
    <ClCompile Include="helpfcts.cpp">
      <Filter>Source Files</Filter>
    </ClCompile>
    <ClCompile Include="MD4.cpp">
      <Filter>Source Files</Filter>
    </ClCompile>
    <ClCompile Include="md5_ossl.cpp">
      <Filter>Source Files</Filter>
    </ClCompile>
    <ClCompile Include="path_support.cpp">
      <Filter>Source Files</Filter>
    </ClCompile>
    <ClCompile Include="pipecomm.cpp">
      <Filter>Source Files</Filter>
    </ClCompile>
    <ClCompile Include="sfvfcts.cpp">
      <Filter>Source Files</Filter>
    </ClCompile>
    <ClCompile Include="sha1_ossl.cpp">
      <Filter>Source Files</Filter>
    </ClCompile>
    <ClCompile Include="sha256_ossl.cpp">
      <Filter>Source Files</Filter>
    </ClCompile>
    <ClCompile Include="sha512_ossl.cpp">
      <Filter>Source Files</Filter>
    </ClCompile>
    <ClCompile Include="sortfcts.cpp">
      <Filter>Source Files</Filter>
    </ClCompile>
    <ClCompile Include="threadprocs.cpp">
      <Filter>Source Files</Filter>
    </ClCompile>
    <ClCompile Include="winmain.cpp">
      <Filter>Source Files</Filter>
    </ClCompile>
    <ClCompile Include="sha3\KeccakHash.c">
      <Filter>Source Files\sha3</Filter>
    </ClCompile>
    <ClCompile Include="sha3\KeccakP-1600-inplace32BI.c">
      <Filter>Source Files\sha3</Filter>
    </ClCompile>
    <ClCompile Include="sha3\KeccakP-1600-opt64.c">
      <Filter>Source Files\sha3</Filter>
    </ClCompile>
    <ClCompile Include="sha3\KeccakSpongeWidth1600.c">
      <Filter>Source Files\sha3</Filter>
    </ClCompile>
    <ClCompile Include="blake2\blake2s.c">
      <Filter>Source Files\blake2</Filter>
    </ClCompile>
    <ClCompile Include="blake2\blake2sp.c">
      <Filter>Source Files\blake2</Filter>
    </ClCompile>
    <ClCompile Include="blake3\blake3.c">
      <Filter>Source Files\blake3</Filter>
    </ClCompile>
    <ClCompile Include="blake3\blake3_avx2.c">
      <Filter>Source Files\blake3</Filter>
    </ClCompile>
    <ClCompile Include="blake3\blake3_avx512.c">
      <Filter>Source Files\blake3</Filter>
    </ClCompile>
    <ClCompile Include="blake3\blake3_dispatch.c">
      <Filter>Source Files\blake3</Filter>
    </ClCompile>
    <ClCompile Include="blake3\blake3_portable.c">
      <Filter>Source Files\blake3</Filter>
    </ClCompile>
    <ClCompile Include="blake3\blake3_sse2.c">
      <Filter>Source Files\blake3</Filter>
    </ClCompile>
    <ClCompile Include="blake3\blake3_sse41.c">
      <Filter>Source Files\blake3</Filter>
    </ClCompile>
  </ItemGroup>
  <ItemGroup>
    <ClInclude Include="crc32c.h">
      <Filter>Source Files</Filter>
    </ClInclude>
    <ClInclude Include="sha3\align.h">
      <Filter>Source Files\sha3</Filter>
    </ClInclude>
    <ClInclude Include="sha3\brg_endian.h">
      <Filter>Source Files\sha3</Filter>
    </ClInclude>
    <ClInclude Include="sha3\KeccakHash.h">
      <Filter>Source Files\sha3</Filter>
    </ClInclude>
    <ClInclude Include="sha3\KeccakP-1600-opt64-config.h">
      <Filter>Source Files\sha3</Filter>
    </ClInclude>
    <ClInclude Include="sha3\KeccakP-1600-SnP.h">
      <Filter>Source Files\sha3</Filter>
    </ClInclude>
    <ClInclude Include="sha3\KeccakSponge-common.h">
      <Filter>Source Files\sha3</Filter>
    </ClInclude>
    <ClInclude Include="sha3\KeccakSponge.h">
      <Filter>Source Files\sha3</Filter>
    </ClInclude>
    <ClInclude Include="sha3\KeccakSpongeWidth1600.h">
      <Filter>Source Files\sha3</Filter>
    </ClInclude>
    <ClInclude Include="sha3\SnP-Relaned.h">
      <Filter>Source Files\sha3</Filter>
    </ClInclude>
    <ClInclude Include="blake2\blake2-config.h">
      <Filter>Source Files\blake2</Filter>
    </ClInclude>
    <ClInclude Include="blake2\blake2-impl.h">
      <Filter>Source Files\blake2</Filter>
    </ClInclude>
    <ClInclude Include="blake2\blake2.h">
      <Filter>Source Files\blake2</Filter>
    </ClInclude>
    <ClInclude Include="blake2\blake2b-load-sse2.h">
      <Filter>Source Files\blake2</Filter>
    </ClInclude>
    <ClInclude Include="blake2\blake2b-load-sse41.h">
      <Filter>Source Files\blake2</Filter>
    </ClInclude>
    <ClInclude Include="blake2\blake2s-load-sse2.h">
      <Filter>Source Files\blake2</Filter>
    </ClInclude>
    <ClInclude Include="blake2\blake2s-load-sse41.h">
      <Filter>Source Files\blake2</Filter>
    </ClInclude>
    <ClInclude Include="blake2\blake2s-load-xop.h">
      <Filter>Source Files\blake2</Filter>
    </ClInclude>
    <ClInclude Include="blake2\blake2s-round.h">
      <Filter>Source Files\blake2</Filter>
    </ClInclude>
    <ClInclude Include="COpenFileListener.h">
      <Filter>Header Files</Filter>
    </ClInclude>
    <ClInclude Include="CSyncQueue.h">
      <Filter>Header Files</Filter>
    </ClInclude>
    <ClInclude Include="ed2k_hash.h">
      <Filter>Header Files</Filter>
    </ClInclude>
    <ClInclude Include="ed2k_hash_cryptapi.h">
      <Filter>Header Files</Filter>
    </ClInclude>
    <ClInclude Include="globals.h">
      <Filter>Header Files</Filter>
    </ClInclude>
    <ClInclude Include="md4.h">
      <Filter>Header Files</Filter>
    </ClInclude>
    <ClInclude Include="md5_ossl.h">
      <Filter>Header Files</Filter>
    </ClInclude>
    <ClInclude Include="resource.h">
      <Filter>Header Files</Filter>
    </ClInclude>
    <ClInclude Include="sha1_ossl.h">
      <Filter>Header Files</Filter>
    </ClInclude>
    <ClInclude Include="sha256_ossl.h">
      <Filter>Header Files</Filter>
    </ClInclude>
    <ClInclude Include="sha512_ossl.h">
      <Filter>Header Files</Filter>
    </ClInclude>
    <ClInclude Include="Utility.hpp">
      <Filter>Header Files</Filter>
    </ClInclude>
    <ClInclude Include="blake3\blake3.h">
      <Filter>Source Files\blake3</Filter>
    </ClInclude>
    <ClInclude Include="blake3\blake3_impl.h">
      <Filter>Source Files\blake3</Filter>
    </ClInclude>
  </ItemGroup>
  <ItemGroup>
    <MASM Include="crc32x86.asm">
      <Filter>Source Files</Filter>
    </MASM>
    <MASM Include="m5_win32.asm">
      <Filter>Source Files</Filter>
    </MASM>
    <MASM Include="sha1-586.asm">
      <Filter>Source Files</Filter>
    </MASM>
    <MASM Include="sha256-586.asm">
      <Filter>Source Files</Filter>
    </MASM>
    <MASM Include="sha512-586.asm">
      <Filter>Source Files</Filter>
    </MASM>
    <MASM Include="MD4_asm.asm">
      <Filter>Source Files</Filter>
    </MASM>
    <MASM Include="blake3\blake3_avx2_x86-64_windows_msvc.asm">
      <Filter>Source Files\blake3</Filter>
    </MASM>
    <MASM Include="blake3\blake3_avx512_x86-64_windows_msvc.asm">
      <Filter>Source Files\blake3</Filter>
    </MASM>
    <MASM Include="blake3\blake3_sse2_x86-64_windows_msvc.asm">
      <Filter>Source Files\blake3</Filter>
    </MASM>
    <MASM Include="blake3\blake3_sse41_x86-64_windows_msvc.asm">
      <Filter>Source Files\blake3</Filter>
    </MASM>
  </ItemGroup>
  <ItemGroup>
    <None Include="sha3\KeccakP-1600-64.macros">
      <Filter>Source Files\sha3</Filter>
    </None>
    <None Include="sha3\KeccakP-1600-unrolling.macros">
      <Filter>Source Files\sha3</Filter>
    </None>
    <None Include="sha3\KeccakSponge.inc">
      <Filter>Source Files\sha3</Filter>
    </None>
  </ItemGroup>
  <ItemGroup>
    <Image Include="icons\app_icon.ico">
      <Filter>Resource Files</Filter>
    </Image>
    <Image Include="context_menu.bmp">
      <Filter>Resource Files</Filter>
    </Image>
    <Image Include="icons\error.ico">
      <Filter>Resource Files</Filter>
    </Image>
    <Image Include="icons\folder_open.ico">
      <Filter>Resource Files</Filter>
    </Image>
    <Image Include="icons\hash.ico">
      <Filter>Resource Files</Filter>
    </Image>
    <Image Include="icons\nocrc.ico">
      <Filter>Resource Files</Filter>
    </Image>
    <Image Include="icons\notok.ico">
      <Filter>Resource Files</Filter>
    </Image>
    <Image Include="icons\ok.ico">
      <Filter>Resource Files</Filter>
    </Image>
    <Image Include="icons\ok_green.ico">
      <Filter>Resource Files</Filter>
    </Image>
    <Image Include="icons\pause.ico">
      <Filter>Resource Files</Filter>
    </Image>
    <Image Include="icons\play.ico">
      <Filter>Resource Files</Filter>
    </Image>
    <Image Include="icons\Result Icons Error.ico">
      <Filter>Resource Files</Filter>
    </Image>
    <Image Include="icons\Result Icons NoCRC.ico">
      <Filter>Resource Files</Filter>
    </Image>
    <Image Include="icons\Result Icons NotOK.ico">
      <Filter>Resource Files</Filter>
    </Image>
    <Image Include="icons\Result Icons OK.ico">
      <Filter>Resource Files</Filter>
    </Image>
    <Image Include="icons\stop.ico">
      <Filter>Resource Files</Filter>
    </Image>
  </ItemGroup>
  <ItemGroup>
    <ResourceCompile Include="RapidCRC.rc">
      <Filter>Resource Files</Filter>
    </ResourceCompile>
  </ItemGroup>
  <ItemGroup>
    <CustomBuild Include="crc32x64.asm">
      <Filter>Source Files</Filter>
    </CustomBuild>
    <CustomBuild Include="md5-ms-amd64-v2.asm">
      <Filter>Source Files</Filter>
    </CustomBuild>
    <CustomBuild Include="sha1-x86_64.asm">
      <Filter>Source Files</Filter>
    </CustomBuild>
    <CustomBuild Include="sha256-x86_64.asm">
      <Filter>Source Files</Filter>
    </CustomBuild>
    <CustomBuild Include="sha512-x86_64.asm">
      <Filter>Source Files</Filter>
    </CustomBuild>
  </ItemGroup>
</Project>