
Microsoft Visual Studio Solution File, Format Version 12.00
# Visual Studio 15
VisualStudioVersion = 15.0.28307.1000
MinimumVisualStudioVersion = 10.0.40219.1
Project("{8BC9CEB8-8B4A-11D0-8D11-00A0C91BC942}") = "rapidcrc", "rapidcrc.vcxproj", "{0F8C0E4D-C490-4A5B-85A6-733A303CAE57}"
EndProject
Global
	GlobalSection(SolutionConfigurationPlatforms) = preSolution
		Debug|Win32 = Debug|Win32
		Debug|x64 = Debug|x64
		Release|Win32 = Release|Win32
		Release|x64 = Release|x64
	EndGlobalSection
	GlobalSection(ProjectConfigurationPlatforms) = postSolution
		{0F8C0E4D-C490-4A5B-85A6-733A303CAE57}.Debug|Win32.ActiveCfg = Debug|Win32
		{0F8C0E4D-C490-4A5B-85A6-733A303CAE57}.Debug|Win32.Build.0 = Debug|Win32
		{0F8C0E4D-C490-4A5B-85A6-733A303CAE57}.Debug|x64.ActiveCfg = Debug|x64
		{0F8C0E4D-C490-4A5B-85A6-733A303CAE57}.Debug|x64.Build.0 = Debug|x64
		{0F8C0E4D-C490-4A5B-85A6-733A303CAE57}.Release|Win32.ActiveCfg = Release|Win32
		{0F8C0E4D-C490-4A5B-85A6-733A303CAE57}.Release|Win32.Build.0 = Release|Win32
		{0F8C0E4D-C490-4A5B-85A6-733A303CAE57}.Release|x64.ActiveCfg = Release|x64
		{0F8C0E4D-C490-4A5B-85A6-733A303CAE57}.Release|x64.Build.0 = Release|x64
	EndGlobalSection
	GlobalSection(SolutionProperties) = preSolution
		HideSolutionNode = FALSE
	EndGlobalSection
	GlobalSection(ExtensibilityGlobals) = postSolution
		SolutionGuid = {EF0876A0-8DD1-49B5-8BAB-E53C07184F7E}
	EndGlobalSection
EndGlobal
