Microsoft Visual Studio Solution File, Format Version 10.00
# Visual Studio 2008
Project("{8BC9CEB8-8B4A-11D0-8D11-00A0C91BC942}") = "rcrcshex", "rcrcshex.vcproj", "{7ADDD9AE-4A2A-4391-A437-DD8F991F412A}"
EndProject
Global
	GlobalSection(SolutionConfigurationPlatforms) = preSolution
		Debug|Win32 = Debug|Win32
		Debug|x64 = Debug|x64
		Release|Win32 = Release|Win32
		Release|x64 = Release|x64
	EndGlobalSection
	GlobalSection(ProjectConfigurationPlatforms) = postSolution
		{7ADDD9AE-4A2A-4391-A437-DD8F991F412A}.Debug|Win32.ActiveCfg = Debug|Win32
		{7ADDD9AE-4A2A-4391-A437-DD8F991F412A}.Debug|Win32.Build.0 = Debug|Win32
		{7ADDD9AE-4A2A-4391-A437-DD8F991F412A}.Debug|x64.ActiveCfg = Debug|x64
		{7ADDD9AE-4A2A-4391-A437-DD8F991F412A}.Debug|x64.Build.0 = Debug|x64
		{7ADDD9AE-4A2A-4391-A437-DD8F991F412A}.Release|Win32.ActiveCfg = Release|Win32
		{7ADDD9AE-4A2A-4391-A437-DD8F991F412A}.Release|Win32.Build.0 = Release|Win32
		{7ADDD9AE-4A2A-4391-A437-DD8F991F412A}.Release|x64.ActiveCfg = Release|x64
		{7ADDD9AE-4A2A-4391-A437-DD8F991F412A}.Release|x64.Build.0 = Release|x64
	EndGlobalSection
	GlobalSection(SolutionProperties) = preSolution
		HideSolutionNode = FALSE
	EndGlobalSection
EndGlobal
